
Microsoft Visual Studio Solution File, Format Version 12.00
# Visual Studio Version 16
VisualStudioVersion = 16.0.31424.327
MinimumVisualStudioVersion = 10.0.40219.1
Project("{FAE04EC0-301F-11D3-BF4B-00C04F79EFBC}") = "Exception  Handling", "Exception  Handling\Exception  Handling.csproj", "{5300A8F7-65D8-4763-9D2E-41C17D4731BD}"
EndProject
Global
	GlobalSection(SolutionConfigurationPlatforms) = preSolution
		Debug|Any CPU = Debug|Any CPU
		Release|Any CPU = Release|Any CPU
	EndGlobalSection
	GlobalSection(ProjectConfigurationPlatforms) = postSolution
		{5300A8F7-65D8-4763-9D2E-41C17D4731BD}.Debug|Any CPU.ActiveCfg = Debug|Any CPU
		{5300A8F7-65D8-4763-9D2E-41C17D4731BD}.Debug|Any CPU.Build.0 = Debug|Any CPU
		{5300A8F7-65D8-4763-9D2E-41C17D4731BD}.Release|Any CPU.ActiveCfg = Release|Any CPU
		{5300A8F7-65D8-4763-9D2E-41C17D4731BD}.Release|Any CPU.Build.0 = Release|Any CPU
	EndGlobalSection
	GlobalSection(SolutionProperties) = preSolution
		HideSolutionNode = FALSE
	EndGlobalSection
	GlobalSection(ExtensibilityGlobals) = postSolution
		SolutionGuid = {B3196145-7B4D-40F7-850A-B4001F21C2A1}
	EndGlobalSection
EndGlobal
